
Microsoft Visual Studio Solution File, Format Version 12.00
# Visual Studio Version 17
VisualStudioVersion = 17.10.34928.147
MinimumVisualStudioVersion = 10.0.40219.1
Project("{FAE04EC0-301F-11D3-BF4B-00C04F79EFBC}") = "Academic.API", "Academic.API\Academic.API.csproj", "{0972757D-2D65-4712-A685-FB1D42FE26D1}"
EndProject
Project("{2150E333-8FDC-42A3-9474-1A3956D46DE8}") = "src", "src", "{02848843-5C2E-418F-A9D6-D49675015E31}"
EndProject
Project("{2150E333-8FDC-42A3-9474-1A3956D46DE8}") = "API", "API", "{490E6D2C-9C2E-42FF-9FE9-032BC75F0AA5}"
EndProject
Project("{2150E333-8FDC-42A3-9474-1A3956D46DE8}") = "Core", "Core", "{DE58D94C-EA0A-48D8-A08B-F5F617926D59}"
EndProject
Project("{2150E333-8FDC-42A3-9474-1A3956D46DE8}") = "Infrastructure", "Infrastructure", "{42A454D0-EE44-48CA-9CE2-6E261AD7187D}"
EndProject
Project("{2150E333-8FDC-42A3-9474-1A3956D46DE8}") = "Application", "Application", "{C9DB3318-BAC7-449B-AC01-FB35A1ACD100}"
EndProject
Project("{FAE04EC0-301F-11D3-BF4B-00C04F79EFBC}") = "Academic.Application", "Academic.Application\Academic.Application.csproj", "{978B55F2-B379-4090-9EFE-7E66BAA1E85E}"
EndProject
Project("{FAE04EC0-301F-11D3-BF4B-00C04F79EFBC}") = "Academic.Core", "Academic.Core\Academic.Core.csproj", "{09C66FCE-DBE6-449A-9F77-FE092E516D6A}"
EndProject
Project("{FAE04EC0-301F-11D3-BF4B-00C04F79EFBC}") = "Academic.Infrastructure", "Academic.Infrastructure\Academic.Infrastructure.csproj", "{F3F1A379-FA9B-4E08-8AD4-5D5C4D8A88C7}"
EndProject
Project("{2150E333-8FDC-42A3-9474-1A3956D46DE8}") = "test", "test", "{13DD2206-E267-4D96-8683-BFAC1077C1CF}"
EndProject
Project("{FAE04EC0-301F-11D3-BF4B-00C04F79EFBC}") = "Academic.API.Tests", "Academic.API.Tests\Academic.API.Tests.csproj", "{7B061173-F3FB-4E27-8A4C-E1587F75F52B}"
EndProject
Global
	GlobalSection(SolutionConfigurationPlatforms) = preSolution
		Debug|Any CPU = Debug|Any CPU
		Release|Any CPU = Release|Any CPU
	EndGlobalSection
	GlobalSection(ProjectConfigurationPlatforms) = postSolution
		{0972757D-2D65-4712-A685-FB1D42FE26D1}.Debug|Any CPU.ActiveCfg = Debug|Any CPU
		{0972757D-2D65-4712-A685-FB1D42FE26D1}.Debug|Any CPU.Build.0 = Debug|Any CPU
		{0972757D-2D65-4712-A685-FB1D42FE26D1}.Release|Any CPU.ActiveCfg = Release|Any CPU
		{0972757D-2D65-4712-A685-FB1D42FE26D1}.Release|Any CPU.Build.0 = Release|Any CPU
		{978B55F2-B379-4090-9EFE-7E66BAA1E85E}.Debug|Any CPU.ActiveCfg = Debug|Any CPU
		{978B55F2-B379-4090-9EFE-7E66BAA1E85E}.Debug|Any CPU.Build.0 = Debug|Any CPU
		{978B55F2-B379-4090-9EFE-7E66BAA1E85E}.Release|Any CPU.ActiveCfg = Release|Any CPU
		{978B55F2-B379-4090-9EFE-7E66BAA1E85E}.Release|Any CPU.Build.0 = Release|Any CPU
		{09C66FCE-DBE6-449A-9F77-FE092E516D6A}.Debug|Any CPU.ActiveCfg = Debug|Any CPU
		{09C66FCE-DBE6-449A-9F77-FE092E516D6A}.Debug|Any CPU.Build.0 = Debug|Any CPU
		{09C66FCE-DBE6-449A-9F77-FE092E516D6A}.Release|Any CPU.ActiveCfg = Release|Any CPU
		{09C66FCE-DBE6-449A-9F77-FE092E516D6A}.Release|Any CPU.Build.0 = Release|Any CPU
		{F3F1A379-FA9B-4E08-8AD4-5D5C4D8A88C7}.Debug|Any CPU.ActiveCfg = Debug|Any CPU
		{F3F1A379-FA9B-4E08-8AD4-5D5C4D8A88C7}.Debug|Any CPU.Build.0 = Debug|Any CPU
		{F3F1A379-FA9B-4E08-8AD4-5D5C4D8A88C7}.Release|Any CPU.ActiveCfg = Release|Any CPU
		{F3F1A379-FA9B-4E08-8AD4-5D5C4D8A88C7}.Release|Any CPU.Build.0 = Release|Any CPU
		{7B061173-F3FB-4E27-8A4C-E1587F75F52B}.Debug|Any CPU.ActiveCfg = Debug|Any CPU
		{7B061173-F3FB-4E27-8A4C-E1587F75F52B}.Debug|Any CPU.Build.0 = Debug|Any CPU
		{7B061173-F3FB-4E27-8A4C-E1587F75F52B}.Release|Any CPU.ActiveCfg = Release|Any CPU
		{7B061173-F3FB-4E27-8A4C-E1587F75F52B}.Release|Any CPU.Build.0 = Release|Any CPU
	EndGlobalSection
	GlobalSection(SolutionProperties) = preSolution
		HideSolutionNode = FALSE
	EndGlobalSection
	GlobalSection(NestedProjects) = preSolution
		{0972757D-2D65-4712-A685-FB1D42FE26D1} = {490E6D2C-9C2E-42FF-9FE9-032BC75F0AA5}
		{490E6D2C-9C2E-42FF-9FE9-032BC75F0AA5} = {02848843-5C2E-418F-A9D6-D49675015E31}
		{DE58D94C-EA0A-48D8-A08B-F5F617926D59} = {02848843-5C2E-418F-A9D6-D49675015E31}
		{42A454D0-EE44-48CA-9CE2-6E261AD7187D} = {02848843-5C2E-418F-A9D6-D49675015E31}
		{C9DB3318-BAC7-449B-AC01-FB35A1ACD100} = {02848843-5C2E-418F-A9D6-D49675015E31}
		{978B55F2-B379-4090-9EFE-7E66BAA1E85E} = {C9DB3318-BAC7-449B-AC01-FB35A1ACD100}
		{09C66FCE-DBE6-449A-9F77-FE092E516D6A} = {DE58D94C-EA0A-48D8-A08B-F5F617926D59}
		{F3F1A379-FA9B-4E08-8AD4-5D5C4D8A88C7} = {42A454D0-EE44-48CA-9CE2-6E261AD7187D}
		{7B061173-F3FB-4E27-8A4C-E1587F75F52B} = {13DD2206-E267-4D96-8683-BFAC1077C1CF}
	EndGlobalSection
	GlobalSection(ExtensibilityGlobals) = postSolution
		SolutionGuid = {A5213DD8-3FF9-4C14-BF4C-D9AFF221DCC6}
	EndGlobalSection
EndGlobal
